
Microsoft Visual Studio Solution File, Format Version 11.00
# Visual Studio 2010
Project("{FAE04EC0-301F-11D3-BF4B-00C04F79EFBC}") = "MvcApplication3Razor", "MvcApplication3Razor\MvcApplication3Razor.csproj", "{123FBBC9-2A62-44E7-9439-CD1C426F68D9}"
EndProject
Project("{FAE04EC0-301F-11D3-BF4B-00C04F79EFBC}") = "MvcApplication3Razor.Tests", "MvcApplication3Razor.Tests\MvcApplication3Razor.Tests.csproj", "{843E4E6B-3C0C-4C4B-983E-C62EA6F95E3C}"
EndProject
Global
	GlobalSection(SolutionConfigurationPlatforms) = preSolution
		Debug|Any CPU = Debug|Any CPU
		Release|Any CPU = Release|Any CPU
	EndGlobalSection
	GlobalSection(ProjectConfigurationPlatforms) = postSolution
		{123FBBC9-2A62-44E7-9439-CD1C426F68D9}.Debug|Any CPU.ActiveCfg = Debug|Any CPU
		{123FBBC9-2A62-44E7-9439-CD1C426F68D9}.Debug|Any CPU.Build.0 = Debug|Any CPU
		{123FBBC9-2A62-44E7-9439-CD1C426F68D9}.Release|Any CPU.ActiveCfg = Release|Any CPU
		{123FBBC9-2A62-44E7-9439-CD1C426F68D9}.Release|Any CPU.Build.0 = Release|Any CPU
		{843E4E6B-3C0C-4C4B-983E-C62EA6F95E3C}.Debug|Any CPU.ActiveCfg = Debug|Any CPU
		{843E4E6B-3C0C-4C4B-983E-C62EA6F95E3C}.Debug|Any CPU.Build.0 = Debug|Any CPU
		{843E4E6B-3C0C-4C4B-983E-C62EA6F95E3C}.Release|Any CPU.ActiveCfg = Release|Any CPU
		{843E4E6B-3C0C-4C4B-983E-C62EA6F95E3C}.Release|Any CPU.Build.0 = Release|Any CPU
	EndGlobalSection
	GlobalSection(SolutionProperties) = preSolution
		HideSolutionNode = FALSE
	EndGlobalSection
EndGlobal
