
Microsoft Visual Studio Solution File, Format Version 11.00
# Visual Studio 2010
Project("{FAE04EC0-301F-11D3-BF4B-00C04F79EFBC}") = "EntityFramework_Unity.dominio.repositorio", "EntityFramework_Unity.dominio.repositorio\EntityFramework_Unity.dominio.repositorio.csproj", "{4CECE3C5-6B8A-473D-8336-718D88C36CD2}"
EndProject
Project("{FAE04EC0-301F-11D3-BF4B-00C04F79EFBC}") = "EntityFramework_Unity.comum.entidade", "EntityFramework_Unity.comum.entidade\EntityFramework_Unity.comum.entidade.csproj", "{9576D332-292F-48CB-B193-E91A5CB02A69}"
EndProject
Project("{FAE04EC0-301F-11D3-BF4B-00C04F79EFBC}") = "EntityFramework_Unity.client.consoleapp", "EntityFramework_Unity.client.consoleapp\EntityFramework_Unity.client.consoleapp.csproj", "{3138CF0E-1A69-47E6-963A-4A6162EC9609}"
EndProject
Project("{FAE04EC0-301F-11D3-BF4B-00C04F79EFBC}") = "EntityFramework_Unity.test.dominio.repositorio", "EntityFramework_Unity.test.dominio.repositorio\EntityFramework_Unity.test.dominio.repositorio.csproj", "{A608B470-A2F6-4B83-8D90-950597515FC8}"
EndProject
Project("{2150E333-8FDC-42A3-9474-1A3956D46DE8}") = "Solution Items", "Solution Items", "{0501AB2A-68DE-412E-9104-C8CBC96C4D07}"
	ProjectSection(SolutionItems) = preProject
		EntityFramework_Unity.vsmdi = EntityFramework_Unity.vsmdi
		Local.testsettings = Local.testsettings
		TraceAndTestImpact.testsettings = TraceAndTestImpact.testsettings
	EndProjectSection
EndProject
Global
	GlobalSection(TestCaseManagementSettings) = postSolution
		CategoryFile = EntityFramework_Unity.vsmdi
	EndGlobalSection
	GlobalSection(SolutionConfigurationPlatforms) = preSolution
		Debug|Any CPU = Debug|Any CPU
		Debug|Mixed Platforms = Debug|Mixed Platforms
		Debug|x86 = Debug|x86
		Release|Any CPU = Release|Any CPU
		Release|Mixed Platforms = Release|Mixed Platforms
		Release|x86 = Release|x86
	EndGlobalSection
	GlobalSection(ProjectConfigurationPlatforms) = postSolution
		{4CECE3C5-6B8A-473D-8336-718D88C36CD2}.Debug|Any CPU.ActiveCfg = Debug|Any CPU
		{4CECE3C5-6B8A-473D-8336-718D88C36CD2}.Debug|Any CPU.Build.0 = Debug|Any CPU
		{4CECE3C5-6B8A-473D-8336-718D88C36CD2}.Debug|Mixed Platforms.ActiveCfg = Debug|Any CPU
		{4CECE3C5-6B8A-473D-8336-718D88C36CD2}.Debug|Mixed Platforms.Build.0 = Debug|Any CPU
		{4CECE3C5-6B8A-473D-8336-718D88C36CD2}.Debug|x86.ActiveCfg = Debug|Any CPU
		{4CECE3C5-6B8A-473D-8336-718D88C36CD2}.Release|Any CPU.ActiveCfg = Release|Any CPU
		{4CECE3C5-6B8A-473D-8336-718D88C36CD2}.Release|Any CPU.Build.0 = Release|Any CPU
		{4CECE3C5-6B8A-473D-8336-718D88C36CD2}.Release|Mixed Platforms.ActiveCfg = Release|Any CPU
		{4CECE3C5-6B8A-473D-8336-718D88C36CD2}.Release|Mixed Platforms.Build.0 = Release|Any CPU
		{4CECE3C5-6B8A-473D-8336-718D88C36CD2}.Release|x86.ActiveCfg = Release|Any CPU
		{9576D332-292F-48CB-B193-E91A5CB02A69}.Debug|Any CPU.ActiveCfg = Debug|Any CPU
		{9576D332-292F-48CB-B193-E91A5CB02A69}.Debug|Any CPU.Build.0 = Debug|Any CPU
		{9576D332-292F-48CB-B193-E91A5CB02A69}.Debug|Mixed Platforms.ActiveCfg = Debug|Any CPU
		{9576D332-292F-48CB-B193-E91A5CB02A69}.Debug|Mixed Platforms.Build.0 = Debug|Any CPU
		{9576D332-292F-48CB-B193-E91A5CB02A69}.Debug|x86.ActiveCfg = Debug|Any CPU
		{9576D332-292F-48CB-B193-E91A5CB02A69}.Release|Any CPU.ActiveCfg = Release|Any CPU
		{9576D332-292F-48CB-B193-E91A5CB02A69}.Release|Any CPU.Build.0 = Release|Any CPU
		{9576D332-292F-48CB-B193-E91A5CB02A69}.Release|Mixed Platforms.ActiveCfg = Release|Any CPU
		{9576D332-292F-48CB-B193-E91A5CB02A69}.Release|Mixed Platforms.Build.0 = Release|Any CPU
		{9576D332-292F-48CB-B193-E91A5CB02A69}.Release|x86.ActiveCfg = Release|Any CPU
		{3138CF0E-1A69-47E6-963A-4A6162EC9609}.Debug|Any CPU.ActiveCfg = Debug|x86
		{3138CF0E-1A69-47E6-963A-4A6162EC9609}.Debug|Mixed Platforms.ActiveCfg = Debug|x86
		{3138CF0E-1A69-47E6-963A-4A6162EC9609}.Debug|Mixed Platforms.Build.0 = Debug|x86
		{3138CF0E-1A69-47E6-963A-4A6162EC9609}.Debug|x86.ActiveCfg = Debug|x86
		{3138CF0E-1A69-47E6-963A-4A6162EC9609}.Debug|x86.Build.0 = Debug|x86
		{3138CF0E-1A69-47E6-963A-4A6162EC9609}.Release|Any CPU.ActiveCfg = Release|x86
		{3138CF0E-1A69-47E6-963A-4A6162EC9609}.Release|Mixed Platforms.ActiveCfg = Release|x86
		{3138CF0E-1A69-47E6-963A-4A6162EC9609}.Release|Mixed Platforms.Build.0 = Release|x86
		{3138CF0E-1A69-47E6-963A-4A6162EC9609}.Release|x86.ActiveCfg = Release|x86
		{3138CF0E-1A69-47E6-963A-4A6162EC9609}.Release|x86.Build.0 = Release|x86
		{A608B470-A2F6-4B83-8D90-950597515FC8}.Debug|Any CPU.ActiveCfg = Debug|Any CPU
		{A608B470-A2F6-4B83-8D90-950597515FC8}.Debug|Any CPU.Build.0 = Debug|Any CPU
		{A608B470-A2F6-4B83-8D90-950597515FC8}.Debug|Mixed Platforms.ActiveCfg = Debug|Any CPU
		{A608B470-A2F6-4B83-8D90-950597515FC8}.Debug|Mixed Platforms.Build.0 = Debug|Any CPU
		{A608B470-A2F6-4B83-8D90-950597515FC8}.Debug|x86.ActiveCfg = Debug|Any CPU
		{A608B470-A2F6-4B83-8D90-950597515FC8}.Release|Any CPU.ActiveCfg = Release|Any CPU
		{A608B470-A2F6-4B83-8D90-950597515FC8}.Release|Any CPU.Build.0 = Release|Any CPU
		{A608B470-A2F6-4B83-8D90-950597515FC8}.Release|Mixed Platforms.ActiveCfg = Release|Any CPU
		{A608B470-A2F6-4B83-8D90-950597515FC8}.Release|Mixed Platforms.Build.0 = Release|Any CPU
		{A608B470-A2F6-4B83-8D90-950597515FC8}.Release|x86.ActiveCfg = Release|Any CPU
	EndGlobalSection
	GlobalSection(SolutionProperties) = preSolution
		HideSolutionNode = FALSE
	EndGlobalSection
EndGlobal
